github.com/davecgh/go-spew v1.1.0/go.mod h1:J7Y8YcW2NihsgmVo/mv3lAwl/skON4iLHjSsI+c5H38=
github.com/davecgh/go-spew v1.1.1 h1:vj9j/u1bqnvCEfJOwUhtlOARqs3+rkHYY13jYWTU97c=
github.com/davecgh/go-spew v1.1.1/go.mod h1:J7Y8YcW2NihsgmVo/mv3lAwl/skON4iLHjSsI+c5H38=
github.com/deweppro/go-algorithms v1.2.0 h1:fBS+GNQaeSDSmvFWdmkKLcKXo2DhX5M0AJaCxEqGedY=
github.com/deweppro/go-algorithms v1.2.0/go.mod h1:zYdfRdlpaXgdT36OgvdjH1qtTZFWEeBi3KUQmWltMPI=
github.com/deweppro/go-app v1.5.3 h1:/8anw7+ngjtAmk2NKDd/+zFGB7WFmiXyYekym5kqd7U=
github.com/deweppro/go-app v1.5.3/go.mod h1:rZ95OfFGvRnm5ndIJI+DOtoOuVrgy3NeQ2vwmbmi0Tk=
github.com/deweppro/go-chan-pool v1.1.1/go.mod h1:lEtDI+rhCE/ES1i9q0FOtYgjMftw5PCCepit4a+9Uds=
github.com/deweppro/go-chan-pool v1.1.2 h1:mm+gvwAFB5NijCiJDSx9RqrB2AWTembzL9Rf6XTv4BI=
github.com/deweppro/go-chan-pool v1.1.2/go.mod h1:6meJsORhraeyvJNPy4hx8xgBNjp2xx3KGB/d5Q5a/I4=
github.com/deweppro/go-errors v0.0.4 h1:TW91LRqHAkUauDJ5lzz73LziANH7mjli1tyvtwzXRCM=
github.com/deweppro/go-errors v0.0.4/go.mod h1:BLsNcxaHh1fjNl/o1TB69JwA8XueSk/Nszkvw4ZwI/I=
github.com/deweppro/go-http v1.3.4 h1:TFTzHL9aum8vV0+rKxvULCM43niOrX8HawHRrYbThX0=
github.com/deweppro/go-http v1.3.4/go.mod h1:ojctNbO2yH7tiSMTu+PN0zgJPS7hFIWGPdoUS+dERQQ=
github.com/deweppro/go-logger v1.2.3/go.mod h1:bPDvX/7B3+i5f8nGOq4bZbhJrf4PgjYRCePqMrF5smw=
github.com/deweppro/go-logger v1.3.0 h1:KN6RQmb6IoNBxQ7zx7Y1AtptHeL//FRgvQyEF5PrcsE=
github.com/deweppro/go-logger v1.3.0/go.mod h1:jxBBLyHmIvJ4erGUj5qeE6ir36ztyAL1pI+9GymOHVI=
github.com/deweppro/go-orm v1.0.3 h1:87LBcyebmPSHXydVVhm+VPrheL/2QR2NVpCmFIsRdLc=
github.com/deweppro/go-orm v1.0.3/go.mod h1:UbdpmMTvmQC2mp4gKhP/TdeUtR4UrI1eUaevSpW2NUI=
github.com/deweppro/go-static v1.0.6 h1:9tT0fUjVUVPIp2yWT/7uaJykp0X8sT2O5pltqusyi9s=
github.com/deweppro/go-static v1.0.6/go.mod h1:Y74ygnNwniS2d22EIe4e4kASIBaD6IlmaLKUbq90PQE=
github.com/go-sql-driver/mysql v1.6.0/go.mod h1:DCzpHaOWr8IXmIStZouvnhqoel9Qv2LBy8hT2VhHyBg=
github.com/google/uuid v1.2.0/go.mod h1:TIyPZe4MgqvfeYDBFedMoGGpEw/LqOeaOT+nhxU+yHo=
github.com/gorilla/websocket v1.4.2/go.mod h1:YR8l580nyteQvAITg2hZ9XVh4b55+EU/adAjf1fMHhE=
github.com/josharian/intern v1.0.0 h1:vlS4z54oSdjm0bgjRigI+G1HpF+tI+9rE5LLzOg8HmY=
github.com/josharian/intern v1.0.0/go.mod h1:5DoeVV0s6jJacbCEi61lwdGj/aVlrQvzHFFd8Hwg//Y=
github.com/mailru/easyjson v0.7.7 h1:UGYAvKxe3sBsEDzO8ZeWOSlIQfWFlxbzLZe7hwFURr0=
github.com/mailru/easyjson v0.7.7/go.mod h1:xzfreul335JAWq5oZzymOObrkdz5UnU4kGfJJLY9Nlc=
github.com/mattn/go-sqlite3 v1.14.7 h1:fxWBnXkxfM6sRiuH3bqJ4CfzZojMOLVc0UTsTglEghA=
github.com/mattn/go-sqlite3 v1.14.7/go.mod h1:NyWgC/yNuGj7Q9rpYnZvas74GogHl5/Z4A/KQRfk6bU=
github.com/pkg/errors v0.9.1 h1:FEBLx1zS214owpjy7qsBeixbURkuhQAwrK5UwLGTwt4=
github.com/pkg/errors v0.9.1/go.mod h1:bwawxfHBFNV+L2hUp1rHADufV3IMtnDRdf1r5NINEl0=
github.com/pmezard/go-difflib v1.0.0 h1:4DBwDE0NGyQoBHbLQYPwSUPoCMWR5BEzIk/f1lZbAQM=
github.com/pmezard/go-difflib v1.0.0/go.mod h1:iKH77koFhYxTK1pcRnkKkqfTogsbg7gZNVY4sRDYZ/4=
github.com/stretchr/objx v0.1.0/go.mod h1:HFkY916IF+rwdDfMAkV7OtwuqBVzrE8GR6GFx+wExME=
github.com/stretchr/testify v1.2.2/go.mod h1:a8OnRcib4nhh0OaRAV+Yts87kKdq0PP7pXfy6kDkUVs=
github.com/stretchr/testify v1.7.0/go.mod h1:6Fq8oRcR53rry900zMqJjRRixrwX3KX962/h/Wwjteg=
github.com/stretchr/testify v1.7.1 h1:5TQK59W5E3v0r2duFAb7P95B6hEeOyEnHRa8MjYSMTY=
github.com/stretchr/testify v1.7.1/go.mod h1:6Fq8oRcR53rry900zMqJjRRixrwX3KX962/h/Wwjteg=
golang.org/x/sys v0.0.0-20210616094352-59db8d763f22/go.mod h1:oPkhp1MJrh7nUepCBck5+mAzfO9JrbApNNgaTdGDITg=
gopkg.in/check.v1 v0.0.0-20161208181325-20d25e280405 h1:yhCVgyC4o1eVCa2tZl7eS0r+SDo693bJlVdllGtEeKM=
gopkg.in/check.v1 v0.0.0-20161208181325-20d25e280405/go.mod h1:Co6ibVJAznAaIkqp8huTwlJQCZ016jof/cbN4VW5Yz0=
gopkg.in/yaml.v3 v3.0.0-20200313102051-9f266ea9e77c/go.mod h1:K4uyk7z7BCEPqu6E+C64Yfv1cQ7kz7rIZviUmN+EgEM=
gopkg.in/yaml.v3 v3.0.0-20210107192922-496545a6307b/go.mod h1:K4uyk7z7BCEPqu6E+C64Yfv1cQ7kz7rIZviUmN+EgEM=
gopkg.in/yaml.v3 v3.0.1 h1:fxVm/GzAzEWqLHuvctI91KS9hhNmmWOoWu0XTYJS7CA=
gopkg.in/yaml.v3 v3.0.1/go.mod h1:K4uyk7z7BCEPqu6E+C64Yfv1cQ7kz7rIZviUmN+EgEM=
