github.com/davecgh/go-spew v1.1.1 h1:vj9j/u1bqnvCEfJOwUhtlOARqs3+rkHYY13jYWTU97c=
github.com/go-sql-driver/mysql v1.7.1 h1:lUIinVbN1DY0xBg0eMOzmmtGoHwWBbvnWubQUrtU8EI=
github.com/go-sql-driver/mysql v1.7.1/go.mod h1:OXbVy3sEdcQ2Doequ6Z5BW6fXNQTmx+9S1MCJN5yJMI=
github.com/josharian/intern v1.0.0 h1:vlS4z54oSdjm0bgjRigI+G1HpF+tI+9rE5LLzOg8HmY=
github.com/josharian/intern v1.0.0/go.mod h1:5DoeVV0s6jJacbCEi61lwdGj/aVlrQvzHFFd8Hwg//Y=
github.com/kr/pretty v0.3.1 h1:flRD4NNwYAUpkphVc1HcthR4KEIFJ65n8Mw5qdRn3LE=
github.com/kr/text v0.2.0 h1:5Nx0Ya0ZqY2ygV366QzturHI13Jq95ApcVaJBhpS+AY=
github.com/mailru/easyjson v0.7.7 h1:UGYAvKxe3sBsEDzO8ZeWOSlIQfWFlxbzLZe7hwFURr0=
github.com/mailru/easyjson v0.7.7/go.mod h1:xzfreul335JAWq5oZzymOObrkdz5UnU4kGfJJLY9Nlc=
github.com/pmezard/go-difflib v1.0.0 h1:4DBwDE0NGyQoBHbLQYPwSUPoCMWR5BEzIk/f1lZbAQM=
github.com/rogpeppe/go-internal v1.10.0 h1:TMyTOH3F/DB16zRVcYyreMH6GnZZrwQVAoYjRBZyWFQ=
github.com/stretchr/testify v1.8.4 h1:CcVxjf3Q8PM0mHUKJCdn+eZZtm5yQwehR5yeSVQQcUk=
go.osspkg.com/algorithms v1.3.1 h1:Weh0Z4dMzHFRJTfMva/mU6Uk95wSRGwt1Saj2sfz3Wc=
go.osspkg.com/algorithms v1.3.1/go.mod h1:kj+oVK7UDQlXMKleMTYzbEEpUAXC2tzRBtki7F5EbXc=
go.osspkg.com/badges v1.2.0 h1:6geK/z2wc0WhnJPL1QZopx30fXZtNFY9Hkqq5+3983g=
go.osspkg.com/badges v1.2.0/go.mod h1:lGRdRT52eNKHriRLetzd/zRqF1RXEOKY87vR1/nx64Q=
go.osspkg.com/goppy v0.17.3 h1:ouLV9o2TTciR2+nkVzl9JPpm9HJMiNFlHPaWCDr3waM=
go.osspkg.com/goppy v0.17.3/go.mod h1:+lHoulh1Q0EU1LeWqnBfFyX+yvFsqQ5MsBnGHWTd4qE=
go.osspkg.com/goppy/app v0.3.3 h1:pQy1ptCg+8dloUx1icHtmJ9CEm4ZLgkiXlOfxMVLtlQ=
go.osspkg.com/goppy/app v0.3.3/go.mod h1:hv+T2GuR5hnDUI57qUsQQaN0wzg6I4FiuOcziEyoBG0=
go.osspkg.com/goppy/console v0.3.1 h1:fg1HDeev01h55k29B6LyzCDf3b2sn5yl3YYOGN2f4w0=
go.osspkg.com/goppy/console v0.3.1/go.mod h1:TpDVGqmJaKuxemUUPj/cNyLEo3jlyL/T0iOzsZDmjjY=
go.osspkg.com/goppy/env v0.3.0 h1:F4hq5KCjMfhXIcsNvbfQzdVHpB8ZVu7XMj0F1hZrq7c=
go.osspkg.com/goppy/env v0.3.0/go.mod h1:7r+0+1h2mFfat5vaWHPu4+Zl9vq6+raz59ScmqLe4zI=
go.osspkg.com/goppy/errors v0.3.0 h1:n98V9gW8UOfooY9Y9FNwV7oznKGQxrIr/J19brqayzc=
go.osspkg.com/goppy/errors v0.3.0/go.mod h1:rbBTNHK0wpGi3FgJ4M27n7LOvB3Aw6kKc0Q4np16wh0=
go.osspkg.com/goppy/iofile v0.3.1 h1:AwuU7PuCPfFAPRKZv2dlOoqrlQfE8T7lERFktbT6650=
go.osspkg.com/goppy/iofile v0.3.1/go.mod h1:2Efhu11htfc4/IIuWtJ8iIQB86kkBaDKslsaive8Kfs=
go.osspkg.com/goppy/iosync v0.3.0 h1:eClduMtjVZUPpNYzHm7EClCa3y58lB/FlIRtHgyU9YE=
go.osspkg.com/goppy/iosync v0.3.0/go.mod h1:Ocol//DRF4n0m40jFmYBxnjHtFjeyeO0RcY/pwOCtsg=
go.osspkg.com/goppy/ioutil v0.1.1 h1:uRz7th2T6Aal2QHbhFc9h89oBhWZnKXfsd8JpUhh2ww=
go.osspkg.com/goppy/ioutil v0.1.1/go.mod h1:WpZGj1HpuBlDDH5k8mn+2QwPssMP83jKj59U8qLsBoU=
go.osspkg.com/goppy/orm v0.1.6 h1:pD5BAXGJSw63jqCW9gY7ySacvRlkgQ9zvztFP1L4YDI=
go.osspkg.com/goppy/orm v0.1.6/go.mod h1:oe42LCRI+Bm2ha79eQyoBkh45cTB+Zpf783mmwq/qMM=
go.osspkg.com/goppy/ormmysql v0.1.8 h1:q64Bti2+lxyOyG9f6K1nsG7yO+kEpjJQ41CKMwz8bss=
go.osspkg.com/goppy/ormmysql v0.1.8/go.mod h1:NpQsohg/Dm36YV6PHCiQp0g9ynkKIL3Q/BH4y+bbcPE=
go.osspkg.com/goppy/plugins v0.3.1 h1:mxjcgs24BvCii19aKYCXVz+EpmW2qjT4JX6bsc8RgJk=
go.osspkg.com/goppy/plugins v0.3.1/go.mod h1:WTSeS/6B2K1FAciQBqHgE0u0t8BD94ehD+HK1hV/IrA=
go.osspkg.com/goppy/routine v0.1.4 h1:g4CkHbXFy58CEH58vTlqrY3UMpnka4GQWDaWS3ugML8=
go.osspkg.com/goppy/routine v0.1.4/go.mod h1:2qsEHIghXFl5F2z+kf3LUgGSugLbBgab8wNY7CKzxS0=
go.osspkg.com/goppy/sqlcommon v0.1.6 h1:SImWwRDosKPML0XYCn566UWjaP2Neb6M65eEOiSz65E=
go.osspkg.com/goppy/sqlcommon v0.1.6/go.mod h1:N4Ox8TpWcO01Kjx5gizNMXaAeOsNBWLvpx8kpXQhRoI=
go.osspkg.com/goppy/syscall v0.3.0 h1:2PcpkqC1ol14HTOC+XyG+3lsuQ9pnG9ueE4xFywoSdE=
go.osspkg.com/goppy/syscall v0.3.0/go.mod h1:Vz1BCzM8MmyC/26SjiVh6OGcAkky1y4xalSWbVceiL4=
go.osspkg.com/goppy/web v0.1.9 h1:RneWxZ47/jCByIyoapLiOU57oaBK5VxlxvVyau4VKTc=
go.osspkg.com/goppy/web v0.1.9/go.mod h1:B5RuWNyon8C2lsw9NpRAbAGspoLuoR8Zt7Is7uqqPFk=
go.osspkg.com/goppy/xc v0.3.0 h1:3r10skiV63AO5OnjvbpEpLF8p8eqYB+AbRa6cnxKsmQ=
go.osspkg.com/goppy/xc v0.3.0/go.mod h1:Diqc/s597erdipSXBHSg5RZsFizleLrqxBCSwGeuktQ=
go.osspkg.com/goppy/xlog v0.3.1 h1:ZPzjau9cNiXbh7YbopRGWnEKhNndpNAEqwqPeqqHwrg=
go.osspkg.com/goppy/xlog v0.3.1/go.mod h1:YnsETZ6KaMKy8UA4u03rwRcsdJFMy1Jygsv5DYHHnLU=
go.osspkg.com/goppy/xnet v0.1.1 h1:nysNyS5O7nHXIN/IjP9HGfa6Qh5BTTSYLULijk+Sv9M=
go.osspkg.com/goppy/xnet v0.1.1/go.mod h1:eB5pFfZTCrcaIOHzt4RlTgBVF5dRUV/u52qz/2hY3qk=
go.osspkg.com/goppy/xtest v0.3.0 h1:QV0159LiYXKALfsOwhCG+zUuy5jnIFeopYs00PSRa2g=
go.osspkg.com/static v1.4.0 h1:2uy4/11c0QP+QLMucKQZbAU+e6lhVHKw5dWJPTk/DBg=
go.osspkg.com/static v1.4.0/go.mod h1:94YydVU3qUtb1J534486lpm+qg6CviQjqtxKlkpSppM=
golang.org/x/image v0.14.0 h1:tNgSxAFe3jC4uYqvZdTr84SZoM1KfwdC9SKIFrLjFn4=
golang.org/x/image v0.14.0/go.mod h1:HUYqC05R2ZcZ3ejNQsIHQDQiwWM4JBqmm6MKANTp4LE=
golang.org/x/text v0.14.0 h1:ScX5w1eTa3QqT8oi6+ziP7dTV1S2+ALU0bI+0zXKWiQ=
golang.org/x/text v0.14.0/go.mod h1:18ZOQIKpY8NJVqYksKHtTdi31H5itFRjB5/qKTNYzSU=
gopkg.in/check.v1 v0.0.0-20161208181325-20d25e280405/go.mod h1:Co6ibVJAznAaIkqp8huTwlJQCZ016jof/cbN4VW5Yz0=
gopkg.in/check.v1 v1.0.0-20201130134442-10cb98267c6c h1:Hei/4ADfdWqJk1ZMxUNpqntNwaWcugrBjAiHlqqRiVk=
gopkg.in/yaml.v3 v3.0.1 h1:fxVm/GzAzEWqLHuvctI91KS9hhNmmWOoWu0XTYJS7CA=
gopkg.in/yaml.v3 v3.0.1/go.mod h1:K4uyk7z7BCEPqu6E+C64Yfv1cQ7kz7rIZviUmN+EgEM=
