github.com/davecgh/go-spew v1.1.1 h1:vj9j/u1bqnvCEfJOwUhtlOARqs3+rkHYY13jYWTU97c=
github.com/go-sql-driver/mysql v1.7.1 h1:lUIinVbN1DY0xBg0eMOzmmtGoHwWBbvnWubQUrtU8EI=
github.com/go-sql-driver/mysql v1.7.1/go.mod h1:OXbVy3sEdcQ2Doequ6Z5BW6fXNQTmx+9S1MCJN5yJMI=
github.com/josharian/intern v1.0.0 h1:vlS4z54oSdjm0bgjRigI+G1HpF+tI+9rE5LLzOg8HmY=
github.com/josharian/intern v1.0.0/go.mod h1:5DoeVV0s6jJacbCEi61lwdGj/aVlrQvzHFFd8Hwg//Y=
github.com/kr/pretty v0.3.1 h1:flRD4NNwYAUpkphVc1HcthR4KEIFJ65n8Mw5qdRn3LE=
github.com/kr/text v0.2.0 h1:5Nx0Ya0ZqY2ygV366QzturHI13Jq95ApcVaJBhpS+AY=
github.com/mailru/easyjson v0.7.7 h1:UGYAvKxe3sBsEDzO8ZeWOSlIQfWFlxbzLZe7hwFURr0=
github.com/mailru/easyjson v0.7.7/go.mod h1:xzfreul335JAWq5oZzymOObrkdz5UnU4kGfJJLY9Nlc=
github.com/pmezard/go-difflib v1.0.0 h1:4DBwDE0NGyQoBHbLQYPwSUPoCMWR5BEzIk/f1lZbAQM=
github.com/rogpeppe/go-internal v1.11.0 h1:cWPaGQEPrBb5/AsnsZesgZZ9yb1OQ+GOISoDNXVBh4M=
github.com/stretchr/testify v1.8.4 h1:CcVxjf3Q8PM0mHUKJCdn+eZZtm5yQwehR5yeSVQQcUk=
go.osspkg.com/algorithms v1.3.1 h1:Weh0Z4dMzHFRJTfMva/mU6Uk95wSRGwt1Saj2sfz3Wc=
go.osspkg.com/algorithms v1.3.1/go.mod h1:kj+oVK7UDQlXMKleMTYzbEEpUAXC2tzRBtki7F5EbXc=
go.osspkg.com/badges v1.2.0 h1:6geK/z2wc0WhnJPL1QZopx30fXZtNFY9Hkqq5+3983g=
go.osspkg.com/badges v1.2.0/go.mod h1:lGRdRT52eNKHriRLetzd/zRqF1RXEOKY87vR1/nx64Q=
go.osspkg.com/goppy v0.15.13 h1:LhRFuRSD1dZORliz/mL4Zsj8cwzgPEw7sFIGlEY59AU=
go.osspkg.com/goppy v0.15.13/go.mod h1:lzqm/Ie+qKHDaGXx4SHRYb9cbcO6xhuRgJx6wmpXxeg=
go.osspkg.com/goppy/app v0.1.9 h1:Ly7P+mb2ggmqZ1YlRSNhn16qq6VNbEOtHk+ciILgH4U=
go.osspkg.com/goppy/app v0.1.9/go.mod h1:n7vda/pBZsIvmoXumLZshwLXPCzL+B+VsSOEkV30ykI=
go.osspkg.com/goppy/console v0.1.0 h1:ksQzyPFJlp9EY48tyAU6fOzKLfKkGa0KIB+fPkhTnJE=
go.osspkg.com/goppy/console v0.1.0/go.mod h1:x4MxAqsjTygGXyu1QkDLTvRaeQVU3/0euCxSQjtXzic=
go.osspkg.com/goppy/errors v0.1.1 h1:t96Z9QOJYGpwmzjUfiE11PEyxHpnmagWPk3IWeFrEvs=
go.osspkg.com/goppy/errors v0.1.1/go.mod h1:SvA8dgErO9e2i3TR8hgJV4uMAzs4TkL4FxXBSnw2UG4=
go.osspkg.com/goppy/iofile v0.1.5 h1:EWZ1/0spQrYY/fur/MIZ2scecs0q8kLHM2/aqP3zUGg=
go.osspkg.com/goppy/iofile v0.1.5/go.mod h1:fEYGq2jRN8M8YsgHBcmUAoHsseCLhrFhCTCZrNZvFUM=
go.osspkg.com/goppy/iosync v0.1.5 h1:tvsyjB1dX/v8eLFA+7aTBLnwChY9JCgEny4D7ogyOZY=
go.osspkg.com/goppy/iosync v0.1.5/go.mod h1:icgt4MxN41SERFJUGxMXepeXxmQa616Y7urnpWsJyLw=
go.osspkg.com/goppy/ioutil v0.1.1 h1:uRz7th2T6Aal2QHbhFc9h89oBhWZnKXfsd8JpUhh2ww=
go.osspkg.com/goppy/ioutil v0.1.1/go.mod h1:WpZGj1HpuBlDDH5k8mn+2QwPssMP83jKj59U8qLsBoU=
go.osspkg.com/goppy/orm v0.1.7 h1:GEigKDJM2fiyyqhxPXB95nA+5xxcH2+3Kj2hj309pgY=
go.osspkg.com/goppy/orm v0.1.7/go.mod h1:Gf2ZQccOtovmXwo+Evsfyt9mW6r4fxeAWTAYerE2yKY=
go.osspkg.com/goppy/ormmysql v0.1.9 h1:9KuyWEnHB6GMmCfqXg4RHecFXfQP//4m2XvMJSRZzHw=
go.osspkg.com/goppy/ormmysql v0.1.9/go.mod h1:e/XB5VHt6L4T1CgcdRVgvlcdZ/V8iC2ZnsPq/i7qoro=
go.osspkg.com/goppy/plugins v0.1.2 h1:XRYVtzENU1QjHMa9hCuOUP7vs/p8nIRhYgKgYPb3/PM=
go.osspkg.com/goppy/plugins v0.1.2/go.mod h1:oolaNTq9VCWBAApLUFCHvWZ/7tMUhzLaqQEIxmLviNQ=
go.osspkg.com/goppy/routine v0.1.5 h1:Yu99hfdy+4xMf2tDnUHWt/sqEhKnss9brKzF80aD3+4=
go.osspkg.com/goppy/routine v0.1.5/go.mod h1:ft/IIBlk1Ija/ivxmgcNGDNrfu5CNAnEqhOqbgqb4KI=
go.osspkg.com/goppy/sqlcommon v0.1.7 h1:JiMAbZ7vK89FQARWPx9BtnzsrZgtXEsFj71sUsSzN9A=
go.osspkg.com/goppy/sqlcommon v0.1.7/go.mod h1:FCxrbJLSkSgVxkkhdc9CyqOmHXEaPff/GXliKivPW+I=
go.osspkg.com/goppy/syscall v0.1.1 h1:9xOAw9yucVk6ZdPvvF6WIiDyARJX4UsjxyWUubV8bXM=
go.osspkg.com/goppy/syscall v0.1.1/go.mod h1:8MsNFOYAzNzGI6FE+0hmqLINQ5cxVkhqHUyirzENG9A=
go.osspkg.com/goppy/web v0.1.9 h1:RneWxZ47/jCByIyoapLiOU57oaBK5VxlxvVyau4VKTc=
go.osspkg.com/goppy/web v0.1.9/go.mod h1:B5RuWNyon8C2lsw9NpRAbAGspoLuoR8Zt7Is7uqqPFk=
go.osspkg.com/goppy/xc v0.1.1 h1:yymghtsLi0u71ct80aAdR/rJkZl3Do0RX3iZ6Ul0D2M=
go.osspkg.com/goppy/xc v0.1.1/go.mod h1:ocKrJbO+EADhuClTbOqzDfCqnUO9+ikEW0M7pqLl1Y4=
go.osspkg.com/goppy/xlog v0.1.7 h1:IE7MAF9epS53o79nv0mIlAMap3kVycXY+l+ccTbb0PM=
go.osspkg.com/goppy/xlog v0.1.7/go.mod h1:kj149jLjCVjwXgHIbM001h/k5Ev9cX6PGy47PMc2dxI=
go.osspkg.com/goppy/xnet v0.1.1 h1:nysNyS5O7nHXIN/IjP9HGfa6Qh5BTTSYLULijk+Sv9M=
go.osspkg.com/goppy/xnet v0.1.1/go.mod h1:eB5pFfZTCrcaIOHzt4RlTgBVF5dRUV/u52qz/2hY3qk=
go.osspkg.com/goppy/xtest v0.1.4 h1:1rWNywuWf1N2A2FcVyq+UeziK4+ABTTZNJhA3FVlTWg=
go.osspkg.com/static v1.4.0 h1:2uy4/11c0QP+QLMucKQZbAU+e6lhVHKw5dWJPTk/DBg=
go.osspkg.com/static v1.4.0/go.mod h1:94YydVU3qUtb1J534486lpm+qg6CviQjqtxKlkpSppM=
golang.org/x/image v0.14.0 h1:tNgSxAFe3jC4uYqvZdTr84SZoM1KfwdC9SKIFrLjFn4=
golang.org/x/image v0.14.0/go.mod h1:HUYqC05R2ZcZ3ejNQsIHQDQiwWM4JBqmm6MKANTp4LE=
golang.org/x/text v0.14.0 h1:ScX5w1eTa3QqT8oi6+ziP7dTV1S2+ALU0bI+0zXKWiQ=
golang.org/x/text v0.14.0/go.mod h1:18ZOQIKpY8NJVqYksKHtTdi31H5itFRjB5/qKTNYzSU=
gopkg.in/check.v1 v0.0.0-20161208181325-20d25e280405/go.mod h1:Co6ibVJAznAaIkqp8huTwlJQCZ016jof/cbN4VW5Yz0=
gopkg.in/check.v1 v1.0.0-20180628173108-788fd7840127 h1:qIbj1fsPNlZgppZ+VLlY7N33q108Sa+fhmuc+sWQYwY=
gopkg.in/yaml.v3 v3.0.1 h1:fxVm/GzAzEWqLHuvctI91KS9hhNmmWOoWu0XTYJS7CA=
gopkg.in/yaml.v3 v3.0.1/go.mod h1:K4uyk7z7BCEPqu6E+C64Yfv1cQ7kz7rIZviUmN+EgEM=
